
Microsoft Visual Studio Solution File, Format Version 12.00
# Visual Studio Version 17
VisualStudioVersion = 17.0.31903.59
MinimumVisualStudioVersion = 10.0.40219.1
Project("{FAE04EC0-301F-11D3-BF4B-00C04F79EFBC}") = "Final", "Final\Final.csproj", "{0FFD5A2E-BA17-442A-9EC3-6D093CD3D388}"
EndProject
Project("{FAE04EC0-301F-11D3-BF4B-00C04F79EFBC}") = "Final.Main", "Final.Main\Final.Main.csproj", "{EC7ABCB5-D102-40E8-9197-BA4EEEFB2053}"
EndProject
Project("{FAE04EC0-301F-11D3-BF4B-00C04F79EFBC}") = "Final.Tests", "Final.Tests\Final.Tests.csproj", "{94A17B61-68EC-4D6C-B5AD-4B223CA08E2A}"
EndProject
Global
	GlobalSection(SolutionConfigurationPlatforms) = preSolution
		Debug|Any CPU = Debug|Any CPU
		Release|Any CPU = Release|Any CPU
	EndGlobalSection
	GlobalSection(SolutionProperties) = preSolution
		HideSolutionNode = FALSE
	EndGlobalSection
	GlobalSection(ProjectConfigurationPlatforms) = postSolution
		{0FFD5A2E-BA17-442A-9EC3-6D093CD3D388}.Debug|Any CPU.ActiveCfg = Debug|Any CPU
		{0FFD5A2E-BA17-442A-9EC3-6D093CD3D388}.Debug|Any CPU.Build.0 = Debug|Any CPU
		{0FFD5A2E-BA17-442A-9EC3-6D093CD3D388}.Release|Any CPU.ActiveCfg = Release|Any CPU
		{0FFD5A2E-BA17-442A-9EC3-6D093CD3D388}.Release|Any CPU.Build.0 = Release|Any CPU
		{EC7ABCB5-D102-40E8-9197-BA4EEEFB2053}.Debug|Any CPU.ActiveCfg = Debug|Any CPU
		{EC7ABCB5-D102-40E8-9197-BA4EEEFB2053}.Debug|Any CPU.Build.0 = Debug|Any CPU
		{EC7ABCB5-D102-40E8-9197-BA4EEEFB2053}.Release|Any CPU.ActiveCfg = Release|Any CPU
		{EC7ABCB5-D102-40E8-9197-BA4EEEFB2053}.Release|Any CPU.Build.0 = Release|Any CPU
		{94A17B61-68EC-4D6C-B5AD-4B223CA08E2A}.Debug|Any CPU.ActiveCfg = Debug|Any CPU
		{94A17B61-68EC-4D6C-B5AD-4B223CA08E2A}.Debug|Any CPU.Build.0 = Debug|Any CPU
		{94A17B61-68EC-4D6C-B5AD-4B223CA08E2A}.Release|Any CPU.ActiveCfg = Release|Any CPU
		{94A17B61-68EC-4D6C-B5AD-4B223CA08E2A}.Release|Any CPU.Build.0 = Release|Any CPU
	EndGlobalSection
EndGlobal
